
Microsoft Visual Studio Solution File, Format Version 12.00
# Visual Studio 15
VisualStudioVersion = 15.0.28307.106
MinimumVisualStudioVersion = 10.0.40219.1
Project("{E24C65DC-7377-472B-9ABA-BC803B73C61A}") = "NotesME", ".", "{AA7EF5AA-AC80-41B6-BC92-23ADF668DEED}"
	ProjectSection(WebsiteProperties) = preProject
		TargetFrameworkMoniker = ".NETFramework,Version%3Dv4.0"
		Debug.AspNetCompiler.VirtualPath = "/localhost_56981"
		Debug.AspNetCompiler.PhysicalPath = "..\NotesME\"
		Debug.AspNetCompiler.TargetPath = "PrecompiledWeb\localhost_56981\"
		Debug.AspNetCompiler.Updateable = "true"
		Debug.AspNetCompiler.ForceOverwrite = "true"
		Debug.AspNetCompiler.FixedNames = "false"
		Debug.AspNetCompiler.Debug = "True"
		Release.AspNetCompiler.VirtualPath = "/localhost_56981"
		Release.AspNetCompiler.PhysicalPath = "..\NotesME\"
		Release.AspNetCompiler.TargetPath = "PrecompiledWeb\localhost_56981\"
		Release.AspNetCompiler.Updateable = "true"
		Release.AspNetCompiler.ForceOverwrite = "true"
		Release.AspNetCompiler.FixedNames = "false"
		Release.AspNetCompiler.Debug = "False"
		VWDPort = "56981"
		SlnRelativePath = "..\NotesME\"
	EndProjectSection
EndProject
Global
	GlobalSection(SolutionConfigurationPlatforms) = preSolution
		Debug|Any CPU = Debug|Any CPU
	EndGlobalSection
	GlobalSection(ProjectConfigurationPlatforms) = postSolution
		{AA7EF5AA-AC80-41B6-BC92-23ADF668DEED}.Debug|Any CPU.ActiveCfg = Debug|Any CPU
		{AA7EF5AA-AC80-41B6-BC92-23ADF668DEED}.Debug|Any CPU.Build.0 = Debug|Any CPU
	EndGlobalSection
	GlobalSection(SolutionProperties) = preSolution
		HideSolutionNode = FALSE
	EndGlobalSection
	GlobalSection(ExtensibilityGlobals) = postSolution
		SolutionGuid = {19897B5E-D25E-415F-8697-81DD5346DCDB}
	EndGlobalSection
EndGlobal
